
Microsoft Visual Studio Solution File, Format Version 12.00
# Visual Studio Version 17
VisualStudioVersion = 17.2.32602.215
MinimumVisualStudioVersion = 10.0.40219.1
Project("{9A19103F-16F7-4668-BE54-9A1E7A4F7556}") = "ImpinjAssessment", "ImpinjAssesment\ImpinjAssessment.csproj", "{76A560E2-1F7C-4A8B-9D90-0EE6F98375F5}"
EndProject
Project("{FAE04EC0-301F-11D3-BF4B-00C04F79EFBC}") = "ImpinjAssessment.Tests", "ImpinjAssessment.Tests\ImpinjAssessment.Tests.csproj", "{D43254A8-AB61-4714-AD1A-E3C89B2996EC}"
EndProject
Global
	GlobalSection(SolutionConfigurationPlatforms) = preSolution
		Debug|Any CPU = Debug|Any CPU
		Release|Any CPU = Release|Any CPU
	EndGlobalSection
	GlobalSection(ProjectConfigurationPlatforms) = postSolution
		{76A560E2-1F7C-4A8B-9D90-0EE6F98375F5}.Debug|Any CPU.ActiveCfg = Debug|Any CPU
		{76A560E2-1F7C-4A8B-9D90-0EE6F98375F5}.Debug|Any CPU.Build.0 = Debug|Any CPU
		{76A560E2-1F7C-4A8B-9D90-0EE6F98375F5}.Release|Any CPU.ActiveCfg = Release|Any CPU
		{76A560E2-1F7C-4A8B-9D90-0EE6F98375F5}.Release|Any CPU.Build.0 = Release|Any CPU
		{D43254A8-AB61-4714-AD1A-E3C89B2996EC}.Debug|Any CPU.ActiveCfg = Debug|Any CPU
		{D43254A8-AB61-4714-AD1A-E3C89B2996EC}.Debug|Any CPU.Build.0 = Debug|Any CPU
		{D43254A8-AB61-4714-AD1A-E3C89B2996EC}.Release|Any CPU.ActiveCfg = Release|Any CPU
		{D43254A8-AB61-4714-AD1A-E3C89B2996EC}.Release|Any CPU.Build.0 = Release|Any CPU
	EndGlobalSection
	GlobalSection(SolutionProperties) = preSolution
		HideSolutionNode = FALSE
	EndGlobalSection
	GlobalSection(ExtensibilityGlobals) = postSolution
		SolutionGuid = {3521027B-4933-453C-A8B4-C058086E6685}
	EndGlobalSection
EndGlobal
